
Microsoft Visual Studio Solution File, Format Version 12.00
# Visual Studio Version 17
VisualStudioVersion = 17.14.36221.1 d17.14
MinimumVisualStudioVersion = 10.0.40219.1
Project("{FAE04EC0-301F-11D3-BF4B-00C04F79EFBC}") = "SpeechDenoiser", "SpeechDenoiser.csproj", "{E560E231-7C63-4C7B-95CC-CCF0ED4E6570}"
EndProject
Global
	GlobalSection(SolutionConfigurationPlatforms) = preSolution
		Debug|Any CPU = Debug|Any CPU
		Release|Any CPU = Release|Any CPU
	EndGlobalSection
	GlobalSection(ProjectConfigurationPlatforms) = postSolution
		{E560E231-7C63-4C7B-95CC-CCF0ED4E6570}.Debug|Any CPU.ActiveCfg = Debug|Any CPU
		{E560E231-7C63-4C7B-95CC-CCF0ED4E6570}.Debug|Any CPU.Build.0 = Debug|Any CPU
		{E560E231-7C63-4C7B-95CC-CCF0ED4E6570}.Release|Any CPU.ActiveCfg = Release|Any CPU
		{E560E231-7C63-4C7B-95CC-CCF0ED4E6570}.Release|Any CPU.Build.0 = Release|Any CPU
	EndGlobalSection
	GlobalSection(SolutionProperties) = preSolution
		HideSolutionNode = FALSE
	EndGlobalSection
	GlobalSection(ExtensibilityGlobals) = postSolution
		SolutionGuid = {10418161-1A07-49D6-A76D-36C93CD2ABE7}
	EndGlobalSection
EndGlobal
